
Microsoft Visual Studio Solution File, Format Version 12.00
Project("{FAE04EC0-301F-11D3-BF4B-00C04F79EFBC}") = "lab6", "lab6\lab6.csproj", "{51E93518-C08B-497F-A059-2213144CF0DF}"
EndProject
Global
	GlobalSection(SolutionConfigurationPlatforms) = preSolution
		Debug|Any CPU = Debug|Any CPU
		Release|Any CPU = Release|Any CPU
	EndGlobalSection
	GlobalSection(ProjectConfigurationPlatforms) = postSolution
		{51E93518-C08B-497F-A059-2213144CF0DF}.Debug|Any CPU.ActiveCfg = Debug|Any CPU
		{51E93518-C08B-497F-A059-2213144CF0DF}.Debug|Any CPU.Build.0 = Debug|Any CPU
		{51E93518-C08B-497F-A059-2213144CF0DF}.Release|Any CPU.ActiveCfg = Release|Any CPU
		{51E93518-C08B-497F-A059-2213144CF0DF}.Release|Any CPU.Build.0 = Release|Any CPU
	EndGlobalSection
EndGlobal
